// !$*UTF8*$!
{
	archiveVersion = 1;
	classes = {
	};
	objectVersion = 46;
	objects = {

/* Begin PBXBuildFile section */
		79E2E69D1BF4204000CC442F /* DB.m in Sources */ = {isa = PBXBuildFile; fileRef = 79E2E69C1BF4204000CC442F /* DB.m */; };
		79E2E6A01BF420F700CC442F /* DownloadManagementFinish.m in Sources */ = {isa = PBXBuildFile; fileRef = 79E2E69F1BF420F700CC442F /* DownloadManagementFinish.m */; };
		79E2E6A31BF4213600CC442F /* DownloadingManagement.m in Sources */ = {isa = PBXBuildFile; fileRef = 79E2E6A21BF4213600CC442F /* DownloadingManagement.m */; };
		79E2E6A81BF4369200CC442F /* DownloadManagement.sqlite in Resources */ = {isa = PBXBuildFile; fileRef = 79E2E6A71BF4369200CC442F /* DownloadManagement.sqlite */; };
		79FEF9791BF2CC9900363B84 /* main.m in Sources */ = {isa = PBXBuildFile; fileRef = 79FEF9781BF2CC9900363B84 /* main.m */; };
		79FEF97C1BF2CC9900363B84 /* AppDelegate.m in Sources */ = {isa = PBXBuildFile; fileRef = 79FEF97B1BF2CC9900363B84 /* AppDelegate.m */; };
		79FEF97F1BF2CC9900363B84 /* ViewController.m in Sources */ = {isa = PBXBuildFile; fileRef = 79FEF97E1BF2CC9900363B84 /* ViewController.m */; };
		79FEF9821BF2CC9900363B84 /* Main.storyboard in Resources */ = {isa = PBXBuildFile; fileRef = 79FEF9801BF2CC9900363B84 /* Main.storyboard */; };
		79FEF9841BF2CC9900363B84 /* Assets.xcassets in Resources */ = {isa = PBXBuildFile; fileRef = 79FEF9831BF2CC9900363B84 /* Assets.xcassets */; };
		79FEF9871BF2CC9900363B84 /* LaunchScreen.storyboard in Resources */ = {isa = PBXBuildFile; fileRef = 79FEF9851BF2CC9900363B84 /* LaunchScreen.storyboard */; };
		79FEF9921BF2CC9900363B84 /* LessonDownloadTests.m in Sources */ = {isa = PBXBuildFile; fileRef = 79FEF9911BF2CC9900363B84 /* LessonDownloadTests.m */; };
		79FEF99D1BF2CC9900363B84 /* LessonDownloadUITests.m in Sources */ = {isa = PBXBuildFile; fileRef = 79FEF99C1BF2CC9900363B84 /* LessonDownloadUITests.m */; };
		79FEF9AC1BF2E58F00363B84 /* DownLoad.m in Sources */ = {isa = PBXBuildFile; fileRef = 79FEF9AB1BF2E58F00363B84 /* DownLoad.m */; };
		79FEF9AF1BF3270B00363B84 /* DownloadManagment.m in Sources */ = {isa = PBXBuildFile; fileRef = 79FEF9AE1BF3270B00363B84 /* DownloadManagment.m */; };
		79FEF9B21BF359C600363B84 /* SqliteManager.m in Sources */ = {isa = PBXBuildFile; fileRef = 79FEF9B11BF359C600363B84 /* SqliteManager.m */; };
		79FEF9B41BF359E000363B84 /* libsqlite3.tbd in Frameworks */ = {isa = PBXBuildFile; fileRef = 79FEF9B31BF359E000363B84 /* libsqlite3.tbd */; };
/* End PBXBuildFile section */

/* Begin PBXContainerItemProxy section */
		79FEF98E1BF2CC9900363B84 /* PBXContainerItemProxy */ = {
			isa = PBXContainerItemProxy;
			containerPortal = 79FEF96C1BF2CC9900363B84 /* Project object */;
			proxyType = 1;
			remoteGlobalIDString = 79FEF9731BF2CC9900363B84;
			remoteInfo = LessonDownload;
		};
		79FEF9991BF2CC9900363B84 /* PBXContainerItemProxy */ = {
			isa = PBXContainerItemProxy;
			containerPortal = 79FEF96C1BF2CC9900363B84 /* Project object */;
			proxyType = 1;
			remoteGlobalIDString = 79FEF9731BF2CC9900363B84;
			remoteInfo = LessonDownload;
		};
/* End PBXContainerItemProxy section */

/* Begin PBXFileReference section */
		79E2E69B1BF4204000CC442F /* DB.h */ = {isa = PBXFileReference; fileEncoding = 4; lastKnownFileType = sourcecode.c.h; path = DB.h; sourceTree = "<group>"; };
		79E2E69C1BF4204000CC442F /* DB.m */ = {isa = PBXFileReference; fileEncoding = 4; lastKnownFileType = sourcecode.c.objc; path = DB.m; sourceTree = "<group>"; };
		79E2E69E1BF420F700CC442F /* DownloadManagementFinish.h */ = {isa = PBXFileReference; fileEncoding = 4; lastKnownFileType = sourcecode.c.h; path = DownloadManagementFinish.h; sourceTree = "<group>"; };
		79E2E69F1BF420F700CC442F /* DownloadManagementFinish.m */ = {isa = PBXFileReference; fileEncoding = 4; lastKnownFileType = sourcecode.c.objc; path = DownloadManagementFinish.m; sourceTree = "<group>"; };
		79E2E6A11BF4213600CC442F /* DownloadingManagement.h */ = {isa = PBXFileReference; fileEncoding = 4; lastKnownFileType = sourcecode.c.h; path = DownloadingManagement.h; sourceTree = "<group>"; };
		79E2E6A21BF4213600CC442F /* DownloadingManagement.m */ = {isa = PBXFileReference; fileEncoding = 4; lastKnownFileType = sourcecode.c.objc; path = DownloadingManagement.m; sourceTree = "<group>"; };
		79E2E6A71BF4369200CC442F /* DownloadManagement.sqlite */ = {isa = PBXFileReference; lastKnownFileType = file; path = DownloadManagement.sqlite; sourceTree = "<group>"; };
		79FEF9741BF2CC9900363B84 /* LessonDownload.app */ = {isa = PBXFileReference; explicitFileType = wrapper.application; includeInIndex = 0; path = LessonDownload.app; sourceTree = BUILT_PRODUCTS_DIR; };
		79FEF9781BF2CC9900363B84 /* main.m */ = {isa = PBXFileReference; lastKnownFileType = sourcecode.c.objc; path = main.m; sourceTree = "<group>"; };
		79FEF97A1BF2CC9900363B84 /* AppDelegate.h */ = {isa = PBXFileReference; lastKnownFileType = sourcecode.c.h; path = AppDelegate.h; sourceTree = "<group>"; };
		79FEF97B1BF2CC9900363B84 /* AppDelegate.m */ = {isa = PBXFileReference; lastKnownFileType = sourcecode.c.objc; path = AppDelegate.m; sourceTree = "<group>"; };
		79FEF97D1BF2CC9900363B84 /* ViewController.h */ = {isa = PBXFileReference; lastKnownFileType = sourcecode.c.h; path = ViewController.h; sourceTree = "<group>"; };
		79FEF97E1BF2CC9900363B84 /* ViewController.m */ = {isa = PBXFileReference; lastKnownFileType = sourcecode.c.objc; path = ViewController.m; sourceTree = "<group>"; };
		79FEF9811BF2CC9900363B84 /* Base */ = {isa = PBXFileReference; lastKnownFileType = file.storyboard; name = Base; path = Base.lproj/Main.storyboard; sourceTree = "<group>"; };
		79FEF9831BF2CC9900363B84 /* Assets.xcassets */ = {isa = PBXFileReference; lastKnownFileType = folder.assetcatalog; path = Assets.xcassets; sourceTree = "<group>"; };
		79FEF9861BF2CC9900363B84 /* Base */ = {isa = PBXFileReference; lastKnownFileType = file.storyboard; name = Base; path = Base.lproj/LaunchScreen.storyboard; sourceTree = "<group>"; };
		79FEF9881BF2CC9900363B84 /* Info.plist */ = {isa = PBXFileReference; lastKnownFileType = text.plist.xml; path = Info.plist; sourceTree = "<group>"; };
		79FEF98D1BF2CC9900363B84 /* LessonDownloadTests.xctest */ = {isa = PBXFileReference; explicitFileType = wrapper.cfbundle; includeInIndex = 0; path = LessonDownloadTests.xctest; sourceTree = BUILT_PRODUCTS_DIR; };
		79FEF9911BF2CC9900363B84 /* LessonDownloadTests.m */ = {isa = PBXFileReference; lastKnownFileType = sourcecode.c.objc; path = LessonDownloadTests.m; sourceTree = "<group>"; };
		79FEF9931BF2CC9900363B84 /* Info.plist */ = {isa = PBXFileReference; lastKnownFileType = text.plist.xml; path = Info.plist; sourceTree = "<group>"; };
		79FEF9981BF2CC9900363B84 /* LessonDownloadUITests.xctest */ = {isa = PBXFileReference; explicitFileType = wrapper.cfbundle; includeInIndex = 0; path = LessonDownloadUITests.xctest; sourceTree = BUILT_PRODUCTS_DIR; };
		79FEF99C1BF2CC9900363B84 /* LessonDownloadUITests.m */ = {isa = PBXFileReference; lastKnownFileType = sourcecode.c.objc; path = LessonDownloadUITests.m; sourceTree = "<group>"; };
		79FEF99E1BF2CC9900363B84 /* Info.plist */ = {isa = PBXFileReference; lastKnownFileType = text.plist.xml; path = Info.plist; sourceTree = "<group>"; };
		79FEF9AA1BF2E58F00363B84 /* DownLoad.h */ = {isa = PBXFileReference; fileEncoding = 4; lastKnownFileType = sourcecode.c.h; path = DownLoad.h; sourceTree = "<group>"; };
		79FEF9AB1BF2E58F00363B84 /* DownLoad.m */ = {isa = PBXFileReference; fileEncoding = 4; lastKnownFileType = sourcecode.c.objc; path = DownLoad.m; sourceTree = "<group>"; };
		79FEF9AD1BF3270B00363B84 /* DownloadManagment.h */ = {isa = PBXFileReference; fileEncoding = 4; lastKnownFileType = sourcecode.c.h; path = DownloadManagment.h; sourceTree = "<group>"; };
		79FEF9AE1BF3270B00363B84 /* DownloadManagment.m */ = {isa = PBXFileReference; fileEncoding = 4; lastKnownFileType = sourcecode.c.objc; path = DownloadManagment.m; sourceTree = "<group>"; };
		79FEF9B01BF359C600363B84 /* SqliteManager.h */ = {isa = PBXFileReference; fileEncoding = 4; lastKnownFileType = sourcecode.c.h; path = SqliteManager.h; sourceTree = "<group>"; };
		79FEF9B11BF359C600363B84 /* SqliteManager.m */ = {isa = PBXFileReference; fileEncoding = 4; lastKnownFileType = sourcecode.c.objc; path = SqliteManager.m; sourceTree = "<group>"; };
		79FEF9B31BF359E000363B84 /* libsqlite3.tbd */ = {isa = PBXFileReference; lastKnownFileType = "sourcecode.text-based-dylib-definition"; name = libsqlite3.tbd; path = usr/lib/libsqlite3.tbd; sourceTree = SDKROOT; };
/* End PBXFileReference section */

/* Begin PBXFrameworksBuildPhase section */
		79FEF9711BF2CC9900363B84 /* Frameworks */ = {
			isa = PBXFrameworksBuildPhase;
			buildActionMask = 2147483647;
			files = (
				79FEF9B41BF359E000363B84 /* libsqlite3.tbd in Frameworks */,
			);
			runOnlyForDeploymentPostprocessing = 0;
		};
		79FEF98A1BF2CC9900363B84 /* Frameworks */ = {
			isa = PBXFrameworksBuildPhase;
			buildActionMask = 2147483647;
			files = (
			);
			runOnlyForDeploymentPostprocessing = 0;
		};
		79FEF9951BF2CC9900363B84 /* Frameworks */ = {
			isa = PBXFrameworksBuildPhase;
			buildActionMask = 2147483647;
			files = (
			);
			runOnlyForDeploymentPostprocessing = 0;
		};
/* End PBXFrameworksBuildPhase section */

/* Begin PBXGroup section */
		79FEF96B1BF2CC9900363B84 = {
			isa = PBXGroup;
			children = (
				79FEF9B31BF359E000363B84 /* libsqlite3.tbd */,
				79FEF9761BF2CC9900363B84 /* LessonDownload */,
				79FEF9901BF2CC9900363B84 /* LessonDownloadTests */,
				79FEF99B1BF2CC9900363B84 /* LessonDownloadUITests */,
				79FEF9751BF2CC9900363B84 /* Products */,
			);
			sourceTree = "<group>";
		};
		79FEF9751BF2CC9900363B84 /* Products */ = {
			isa = PBXGroup;
			children = (
				79FEF9741BF2CC9900363B84 /* LessonDownload.app */,
				79FEF98D1BF2CC9900363B84 /* LessonDownloadTests.xctest */,
				79FEF9981BF2CC9900363B84 /* LessonDownloadUITests.xctest */,
			);
			name = Products;
			sourceTree = "<group>";
		};
		79FEF9761BF2CC9900363B84 /* LessonDownload */ = {
			isa = PBXGroup;
			children = (
				79FEF97A1BF2CC9900363B84 /* AppDelegate.h */,
				79FEF97B1BF2CC9900363B84 /* AppDelegate.m */,
				79FEF97D1BF2CC9900363B84 /* ViewController.h */,
				79FEF97E1BF2CC9900363B84 /* ViewController.m */,
				79FEF9AA1BF2E58F00363B84 /* DownLoad.h */,
				79FEF9AB1BF2E58F00363B84 /* DownLoad.m */,
				79FEF9AD1BF3270B00363B84 /* DownloadManagment.h */,
				79FEF9AE1BF3270B00363B84 /* DownloadManagment.m */,
				79E2E69B1BF4204000CC442F /* DB.h */,
				79E2E69C1BF4204000CC442F /* DB.m */,
				79E2E6A71BF4369200CC442F /* DownloadManagement.sqlite */,
				79E2E69E1BF420F700CC442F /* DownloadManagementFinish.h */,
				79E2E69F1BF420F700CC442F /* DownloadManagementFinish.m */,
				79E2E6A11BF4213600CC442F /* DownloadingManagement.h */,
				79E2E6A21BF4213600CC442F /* DownloadingManagement.m */,
				79FEF9B01BF359C600363B84 /* SqliteManager.h */,
				79FEF9B11BF359C600363B84 /* SqliteManager.m */,
				79FEF9801BF2CC9900363B84 /* Main.storyboard */,
				79FEF9831BF2CC9900363B84 /* Assets.xcassets */,
				79FEF9851BF2CC9900363B84 /* LaunchScreen.storyboard */,
				79FEF9881BF2CC9900363B84 /* Info.plist */,
				79FEF9771BF2CC9900363B84 /* Supporting Files */,
			);
			path = LessonDownload;
			sourceTree = "<group>";
		};
		79FEF9771BF2CC9900363B84 /* Supporting Files */ = {
			isa = PBXGroup;
			children = (
				79FEF9781BF2CC9900363B84 /* main.m */,
			);
			name = "Supporting Files";
			sourceTree = "<group>";
		};
		79FEF9901BF2CC9900363B84 /* LessonDownloadTests */ = {
			isa = PBXGroup;
			children = (
				79FEF9911BF2CC9900363B84 /* LessonDownloadTests.m */,
				79FEF9931BF2CC9900363B84 /* Info.plist */,
			);
			path = LessonDownloadTests;
			sourceTree = "<group>";
		};
		79FEF99B1BF2CC9900363B84 /* LessonDownloadUITests */ = {
			isa = PBXGroup;
			children = (
				79FEF99C1BF2CC9900363B84 /* LessonDownloadUITests.m */,
				79FEF99E1BF2CC9900363B84 /* Info.plist */,
			);
			path = LessonDownloadUITests;
			sourceTree = "<group>";
		};
/* End PBXGroup section */

/* Begin PBXNativeTarget section */
		79FEF9731BF2CC9900363B84 /* LessonDownload */ = {
			isa = PBXNativeTarget;
			buildConfigurationList = 79FEF9A11BF2CC9900363B84 /* Build configuration list for PBXNativeTarget "LessonDownload" */;
			buildPhases = (
				79FEF9701BF2CC9900363B84 /* Sources */,
				79FEF9711BF2CC9900363B84 /* Frameworks */,
				79FEF9721BF2CC9900363B84 /* Resources */,
			);
			buildRules = (
			);
			dependencies = (
			);
			name = LessonDownload;
			productName = LessonDownload;
			productReference = 79FEF9741BF2CC9900363B84 /* LessonDownload.app */;
			productType = "com.apple.product-type.application";
		};
		79FEF98C1BF2CC9900363B84 /* LessonDownloadTests */ = {
			isa = PBXNativeTarget;
			buildConfigurationList = 79FEF9A41BF2CC9900363B84 /* Build configuration list for PBXNativeTarget "LessonDownloadTests" */;
			buildPhases = (
				79FEF9891BF2CC9900363B84 /* Sources */,
				79FEF98A1BF2CC9900363B84 /* Frameworks */,
				79FEF98B1BF2CC9900363B84 /* Resources */,
			);
			buildRules = (
			);
			dependencies = (
				79FEF98F1BF2CC9900363B84 /* PBXTargetDependency */,
			);
			name = LessonDownloadTests;
			productName = LessonDownloadTests;
			productReference = 79FEF98D1BF2CC9900363B84 /* LessonDownloadTests.xctest */;
			productType = "com.apple.product-type.bundle.unit-test";
		};
		79FEF9971BF2CC9900363B84 /* LessonDownloadUITests */ = {
			isa = PBXNativeTarget;
			buildConfigurationList = 79FEF9A71BF2CC9900363B84 /* Build configuration list for PBXNativeTarget "LessonDownloadUITests" */;
			buildPhases = (
				79FEF9941BF2CC9900363B84 /* Sources */,
				79FEF9951BF2CC9900363B84 /* Frameworks */,
				79FEF9961BF2CC9900363B84 /* Resources */,
			);
			buildRules = (
			);
			dependencies = (
				79FEF99A1BF2CC9900363B84 /* PBXTargetDependency */,
			);
			name = LessonDownloadUITests;
			productName = LessonDownloadUITests;
			productReference = 79FEF9981BF2CC9900363B84 /* LessonDownloadUITests.xctest */;
			productType = "com.apple.product-type.bundle.ui-testing";
		};
/* End PBXNativeTarget section */

/* Begin PBXProject section */
		79FEF96C1BF2CC9900363B84 /* Project object */ = {
			isa = PBXProject;
			attributes = {
				LastUpgradeCheck = 0710;
				ORGANIZATIONNAME = RockyFung;
				TargetAttributes = {
					79FEF9731BF2CC9900363B84 = {
						CreatedOnToolsVersion = 7.1;
						DevelopmentTeam = DKWSP5AL7L;
					};
					79FEF98C1BF2CC9900363B84 = {
						CreatedOnToolsVersion = 7.1;
						DevelopmentTeam = DKWSP5AL7L;
						TestTargetID = 79FEF9731BF2CC9900363B84;
					};
					79FEF9971BF2CC9900363B84 = {
						CreatedOnToolsVersion = 7.1;
						DevelopmentTeam = DKWSP5AL7L;
						TestTargetID = 79FEF9731BF2CC9900363B84;
					};
				};
			};
			buildConfigurationList = 79FEF96F1BF2CC9900363B84 /* Build configuration list for PBXProject "LessonDownload" */;
			compatibilityVersion = "Xcode 3.2";
			developmentRegion = English;
			hasScannedForEncodings = 0;
			knownRegions = (
				en,
				Base,
			);
			mainGroup = 79FEF96B1BF2CC9900363B84;
			productRefGroup = 79FEF9751BF2CC9900363B84 /* Products */;
			projectDirPath = "";
			projectRoot = "";
			targets = (
				79FEF9731BF2CC9900363B84 /* LessonDownload */,
				79FEF98C1BF2CC9900363B84 /* LessonDownloadTests */,
				79FEF9971BF2CC9900363B84 /* LessonDownloadUITests */,
			);
		};
/* End PBXProject section */

/* Begin PBXResourcesBuildPhase section */
		79FEF9721BF2CC9900363B84 /* Resources */ = {
			isa = PBXResourcesBuildPhase;
			buildActionMask = 2147483647;
			files = (
				79FEF9871BF2CC9900363B84 /* LaunchScreen.storyboard in Resources */,
				79FEF9841BF2CC9900363B84 /* Assets.xcassets in Resources */,
				79E2E6A81BF4369200CC442F /* DownloadManagement.sqlite in Resources */,
				79FEF9821BF2CC9900363B84 /* Main.storyboard in Resources */,
			);
			runOnlyForDeploymentPostprocessing = 0;
		};
		79FEF98B1BF2CC9900363B84 /* Resources */ = {
			isa = PBXResourcesBuildPhase;
			buildActionMask = 2147483647;
			files = (
			);
			runOnlyForDeploymentPostprocessing = 0;
		};
		79FEF9961BF2CC9900363B84 /* Resources */ = {
			isa = PBXResourcesBuildPhase;
			buildActionMask = 2147483647;
			files = (
			);
			runOnlyForDeploymentPostprocessing = 0;
		};
/* End PBXResourcesBuildPhase section */

/* Begin PBXSourcesBuildPhase section */
		79FEF9701BF2CC9900363B84 /* Sources */ = {
			isa = PBXSourcesBuildPhase;
			buildActionMask = 2147483647;
			files = (
				79FEF97F1BF2CC9900363B84 /* ViewController.m in Sources */,
				79FEF9AC1BF2E58F00363B84 /* DownLoad.m in Sources */,
				79FEF97C1BF2CC9900363B84 /* AppDelegate.m in Sources */,
				79E2E6A31BF4213600CC442F /* DownloadingManagement.m in Sources */,
				79E2E6A01BF420F700CC442F /* DownloadManagementFinish.m in Sources */,
				79FEF9B21BF359C600363B84 /* SqliteManager.m in Sources */,
				79FEF9791BF2CC9900363B84 /* main.m in Sources */,
				79FEF9AF1BF3270B00363B84 /* DownloadManagment.m in Sources */,
				79E2E69D1BF4204000CC442F /* DB.m in Sources */,
			);
			runOnlyForDeploymentPostprocessing = 0;
		};
		79FEF9891BF2CC9900363B84 /* Sources */ = {
			isa = PBXSourcesBuildPhase;
			buildActionMask = 2147483647;
			files = (
				79FEF9921BF2CC9900363B84 /* LessonDownloadTests.m in Sources */,
			);
			runOnlyForDeploymentPostprocessing = 0;
		};
		79FEF9941BF2CC9900363B84 /* Sources */ = {
			isa = PBXSourcesBuildPhase;
			buildActionMask = 2147483647;
			files = (
				79FEF99D1BF2CC9900363B84 /* LessonDownloadUITests.m in Sources */,
			);
			runOnlyForDeploymentPostprocessing = 0;
		};
/* End PBXSourcesBuildPhase section */

/* Begin PBXTargetDependency section */
		79FEF98F1BF2CC9900363B84 /* PBXTargetDependency */ = {
			isa = PBXTargetDependency;
			target = 79FEF9731BF2CC9900363B84 /* LessonDownload */;
			targetProxy = 79FEF98E1BF2CC9900363B84 /* PBXContainerItemProxy */;
		};
		79FEF99A1BF2CC9900363B84 /* PBXTargetDependency */ = {
			isa = PBXTargetDependency;
			target = 79FEF9731BF2CC9900363B84 /* LessonDownload */;
			targetProxy = 79FEF9991BF2CC9900363B84 /* PBXContainerItemProxy */;
		};
/* End PBXTargetDependency section */

/* Begin PBXVariantGroup section */
		79FEF9801BF2CC9900363B84 /* Main.storyboard */ = {
			isa = PBXVariantGroup;
			children = (
				79FEF9811BF2CC9900363B84 /* Base */,
			);
			name = Main.storyboard;
			sourceTree = "<group>";
		};
		79FEF9851BF2CC9900363B84 /* LaunchScreen.storyboard */ = {
			isa = PBXVariantGroup;
			children = (
				79FEF9861BF2CC9900363B84 /* Base */,
			);
			name = LaunchScreen.storyboard;
			sourceTree = "<group>";
		};
/* End PBXVariantGroup section */

/* Begin XCBuildConfiguration section */
		79FEF99F1BF2CC9900363B84 /* Debug */ = {
			isa = XCBuildConfiguration;
			buildSettings = {
				ALWAYS_SEARCH_USER_PATHS = NO;
				CLANG_CXX_LANGUAGE_STANDARD = "gnu++0x";
				CLANG_CXX_LIBRARY = "libc++";
				CLANG_ENABLE_MODULES = YES;
				CLANG_ENABLE_OBJC_ARC = YES;
				CLANG_WARN_BOOL_CONVERSION = YES;
				CLANG_WARN_CONSTANT_CONVERSION = YES;
				CLANG_WARN_DIRECT_OBJC_ISA_USAGE = YES_ERROR;
				CLANG_WARN_EMPTY_BODY = YES;
				CLANG_WARN_ENUM_CONVERSION = YES;
				CLANG_WARN_INT_CONVERSION = YES;
				CLANG_WARN_OBJC_ROOT_CLASS = YES_ERROR;
				CLANG_WARN_UNREACHABLE_CODE = YES;
				CLANG_WARN__DUPLICATE_METHOD_MATCH = YES;
				"CODE_SIGN_IDENTITY[sdk=iphoneos*]" = "iPhone Developer";
				COPY_PHASE_STRIP = NO;
				DEBUG_INFORMATION_FORMAT = dwarf;
				ENABLE_STRICT_OBJC_MSGSEND = YES;
				ENABLE_TESTABILITY = YES;
				GCC_C_LANGUAGE_STANDARD = gnu99;
				GCC_DYNAMIC_NO_PIC = NO;
				GCC_NO_COMMON_BLOCKS = YES;
				GCC_OPTIMIZATION_LEVEL = 0;
				GCC_PREPROCESSOR_DEFINITIONS = (
					"DEBUG=1",
					"$(inherited)",
				);
				GCC_WARN_64_TO_32_BIT_CONVERSION = YES;
				GCC_WARN_ABOUT_RETURN_TYPE = YES_ERROR;
				GCC_WARN_UNDECLARED_SELECTOR = YES;
				GCC_WARN_UNINITIALIZED_AUTOS = YES_AGGRESSIVE;
				GCC_WARN_UNUSED_FUNCTION = YES;
				GCC_WARN_UNUSED_VARIABLE = YES;
				IPHONEOS_DEPLOYMENT_TARGET = 9.1;
				MTL_ENABLE_DEBUG_INFO = YES;
				ONLY_ACTIVE_ARCH = YES;
				SDKROOT = iphoneos;
				TARGETED_DEVICE_FAMILY = "1,2";
			};
			name = Debug;
		};
		79FEF9A01BF2CC9900363B84 /* Release */ = {
			isa = XCBuildConfiguration;
			buildSettings = {
				ALWAYS_SEARCH_USER_PATHS = NO;
				CLANG_CXX_LANGUAGE_STANDARD = "gnu++0x";
				CLANG_CXX_LIBRARY = "libc++";
				CLANG_ENABLE_MODULES = YES;
				CLANG_ENABLE_OBJC_ARC = YES;
				CLANG_WARN_BOOL_CONVERSION = YES;
				CLANG_WARN_CONSTANT_CONVERSION = YES;
				CLANG_WARN_DIRECT_OBJC_ISA_USAGE = YES_ERROR;
				CLANG_WARN_EMPTY_BODY = YES;
				CLANG_WARN_ENUM_CONVERSION = YES;
				CLANG_WARN_INT_CONVERSION = YES;
				CLANG_WARN_OBJC_ROOT_CLASS = YES_ERROR;
				CLANG_WARN_UNREACHABLE_CODE = YES;
				CLANG_WARN__DUPLICATE_METHOD_MATCH = YES;
				"CODE_SIGN_IDENTITY[sdk=iphoneos*]" = "iPhone Developer";
				COPY_PHASE_STRIP = NO;
				DEBUG_INFORMATION_FORMAT = "dwarf-with-dsym";
				ENABLE_NS_ASSERTIONS = NO;
				ENABLE_STRICT_OBJC_MSGSEND = YES;
				GCC_C_LANGUAGE_STANDARD = gnu99;
				GCC_NO_COMMON_BLOCKS = YES;
				GCC_WARN_64_TO_32_BIT_CONVERSION = YES;
				GCC_WARN_ABOUT_RETURN_TYPE = YES_ERROR;
				GCC_WARN_UNDECLARED_SELECTOR = YES;
				GCC_WARN_UNINITIALIZED_AUTOS = YES_AGGRESSIVE;
				GCC_WARN_UNUSED_FUNCTION = YES;
				GCC_WARN_UNUSED_VARIABLE = YES;
				IPHONEOS_DEPLOYMENT_TARGET = 9.1;
				MTL_ENABLE_DEBUG_INFO = NO;
				SDKROOT = iphoneos;
				TARGETED_DEVICE_FAMILY = "1,2";
				VALIDATE_PRODUCT = YES;
			};
			name = Release;
		};
		79FEF9A21BF2CC9900363B84 /* Debug */ = {
			isa = XCBuildConfiguration;
			buildSettings = {
				ASSETCATALOG_COMPILER_APPICON_NAME = AppIcon;
				INFOPLIST_FILE = LessonDownload/Info.plist;
				LD_RUNPATH_SEARCH_PATHS = "$(inherited) @executable_path/Frameworks";
				PRODUCT_BUNDLE_IDENTIFIER = com.RockyFung.LessonDownload;
				PRODUCT_NAME = "$(TARGET_NAME)";
			};
			name = Debug;
		};
		79FEF9A31BF2CC9900363B84 /* Release */ = {
			isa = XCBuildConfiguration;
			buildSettings = {
				ASSETCATALOG_COMPILER_APPICON_NAME = AppIcon;
				INFOPLIST_FILE = LessonDownload/Info.plist;
				LD_RUNPATH_SEARCH_PATHS = "$(inherited) @executable_path/Frameworks";
				PRODUCT_BUNDLE_IDENTIFIER = com.RockyFung.LessonDownload;
				PRODUCT_NAME = "$(TARGET_NAME)";
			};
			name = Release;
		};
		79FEF9A51BF2CC9900363B84 /* Debug */ = {
			isa = XCBuildConfiguration;
			buildSettings = {
				BUNDLE_LOADER = "$(TEST_HOST)";
				INFOPLIST_FILE = LessonDownloadTests/Info.plist;
				LD_RUNPATH_SEARCH_PATHS = "$(inherited) @executable_path/Frameworks @loader_path/Frameworks";
				PRODUCT_BUNDLE_IDENTIFIER = com.RockyFung.LessonDownloadTests;
				PRODUCT_NAME = "$(TARGET_NAME)";
				TEST_HOST = "$(BUILT_PRODUCTS_DIR)/LessonDownload.app/LessonDownload";
			};
			name = Debug;
		};
		79FEF9A61BF2CC9900363B84 /* Release */ = {
			isa = XCBuildConfiguration;
			buildSettings = {
				BUNDLE_LOADER = "$(TEST_HOST)";
				INFOPLIST_FILE = LessonDownloadTests/Info.plist;
				LD_RUNPATH_SEARCH_PATHS = "$(inherited) @executable_path/Frameworks @loader_path/Frameworks";
				PRODUCT_BUNDLE_IDENTIFIER = com.RockyFung.LessonDownloadTests;
				PRODUCT_NAME = "$(TARGET_NAME)";
				TEST_HOST = "$(BUILT_PRODUCTS_DIR)/LessonDownload.app/LessonDownload";
			};
			name = Release;
		};
		79FEF9A81BF2CC9900363B84 /* Debug */ = {
			isa = XCBuildConfiguration;
			buildSettings = {
				INFOPLIST_FILE = LessonDownloadUITests/Info.plist;
				LD_RUNPATH_SEARCH_PATHS = "$(inherited) @executable_path/Frameworks @loader_path/Frameworks";
				PRODUCT_BUNDLE_IDENTIFIER = com.RockyFung.LessonDownloadUITests;
				PRODUCT_NAME = "$(TARGET_NAME)";
				TEST_TARGET_NAME = LessonDownload;
				USES_XCTRUNNER = YES;
			};
			name = Debug;
		};
		79FEF9A91BF2CC9900363B84 /* Release */ = {
			isa = XCBuildConfiguration;
			buildSettings = {
				INFOPLIST_FILE = LessonDownloadUITests/Info.plist;
				LD_RUNPATH_SEARCH_PATHS = "$(inherited) @executable_path/Frameworks @loader_path/Frameworks";
				PRODUCT_BUNDLE_IDENTIFIER = com.RockyFung.LessonDownloadUITests;
				PRODUCT_NAME = "$(TARGET_NAME)";
				TEST_TARGET_NAME = LessonDownload;
				USES_XCTRUNNER = YES;
			};
			name = Release;
		};
/* End XCBuildConfiguration section */

/* Begin XCConfigurationList section */
		79FEF96F1BF2CC9900363B84 /* Build configuration list for PBXProject "LessonDownload" */ = {
			isa = XCConfigurationList;
			buildConfigurations = (
				79FEF99F1BF2CC9900363B84 /* Debug */,
				79FEF9A01BF2CC9900363B84 /* Release */,
			);
			defaultConfigurationIsVisible = 0;
			defaultConfigurationName = Release;
		};
		79FEF9A11BF2CC9900363B84 /* Build configuration list for PBXNativeTarget "LessonDownload" */ = {
			isa = XCConfigurationList;
			buildConfigurations = (
				79FEF9A21BF2CC9900363B84 /* Debug */,
				79FEF9A31BF2CC9900363B84 /* Release */,
			);
			defaultConfigurationIsVisible = 0;
			defaultConfigurationName = Release;
		};
		79FEF9A41BF2CC9900363B84 /* Build configuration list for PBXNativeTarget "LessonDownloadTests" */ = {
			isa = XCConfigurationList;
			buildConfigurations = (
				79FEF9A51BF2CC9900363B84 /* Debug */,
				79FEF9A61BF2CC9900363B84 /* Release */,
			);
			defaultConfigurationIsVisible = 0;
			defaultConfigurationName = Release;
		};
		79FEF9A71BF2CC9900363B84 /* Build configuration list for PBXNativeTarget "LessonDownloadUITests" */ = {
			isa = XCConfigurationList;
			buildConfigurations = (
				79FEF9A81BF2CC9900363B84 /* Debug */,
				79FEF9A91BF2CC9900363B84 /* Release */,
			);
			defaultConfigurationIsVisible = 0;
			defaultConfigurationName = Release;
		};
/* End XCConfigurationList section */
	};
	rootObject = 79FEF96C1BF2CC9900363B84 /* Project object */;
}
